
Microsoft Visual Studio Solution File, Format Version 12.00
# Visual Studio Version 17
VisualStudioVersion = 17.5.33516.290
MinimumVisualStudioVersion = 10.0.40219.1
Project("{9A19103F-16F7-4668-BE54-9A1E7A4F7556}") = "ASoftware.Enterprise.Infraestructura.Data", "ASoftware.Enterprise.Infraestructura\ASoftware.Enterprise.Infraestructura.Data.csproj", "{8B8925A0-4A2D-42CC-B9E7-9AEC71338785}"
EndProject
Project("{2150E333-8FDC-42A3-9474-1A3956D46DE8}") = "Transversal", "Transversal", "{19535F74-6310-4F32-8847-681C81529F80}"
EndProject
Project("{2150E333-8FDC-42A3-9474-1A3956D46DE8}") = "Infraestructura", "Infraestructura", "{28ADE1D5-177E-4CFB-A334-96E943E782B5}"
EndProject
Project("{2150E333-8FDC-42A3-9474-1A3956D46DE8}") = "Dominio", "Dominio", "{5E29FFB2-38CB-4FA7-854C-DF333EA86D53}"
EndProject
Project("{2150E333-8FDC-42A3-9474-1A3956D46DE8}") = "Aplicacion", "Aplicacion", "{5D074742-2C94-4FF9-B795-2171588C1143}"
EndProject
Project("{2150E333-8FDC-42A3-9474-1A3956D46DE8}") = "Servicio", "Servicio", "{18F179CE-BB8C-4E99-BAAF-E80CE8A28463}"
EndProject
Project("{9A19103F-16F7-4668-BE54-9A1E7A4F7556}") = "ASoftware.Enterprise.Infraestructura.Interfaz", "ASoftware.Enterprise.Infraestructura.Interfaz\ASoftware.Enterprise.Infraestructura.Interfaz.csproj", "{ABA77041-5F11-4540-A1EE-864FC1783656}"
EndProject
Project("{9A19103F-16F7-4668-BE54-9A1E7A4F7556}") = "ASoftware.Enterprise.Dominio.Entity", "ASoftware.Enterprise.Dominio.Entity\ASoftware.Enterprise.Dominio.Entity.csproj", "{378F1D88-184D-4C0B-83E7-82F6A28F26AD}"
EndProject
Project("{9A19103F-16F7-4668-BE54-9A1E7A4F7556}") = "ASoftware.Enterprise.Infraestructura.Repositorio", "ASoftware.Enterprise.Infraestructura.Repositorio\ASoftware.Enterprise.Infraestructura.Repositorio.csproj", "{3627D265-4B88-4CD7-9AF5-84410C5981D4}"
EndProject
Project("{9A19103F-16F7-4668-BE54-9A1E7A4F7556}") = "ASoftware.Enterprise.Dominio.Interfaz", "ASoftware.Enterprise.Dominio.Interfaz\ASoftware.Enterprise.Dominio.Interfaz.csproj", "{83DDDD0C-3788-4D16-95E1-4FB419DBD98E}"
EndProject
Project("{9A19103F-16F7-4668-BE54-9A1E7A4F7556}") = "ASoftware.Enterprise.Dominio.Core", "ASoftware.Enterprise.Dominio.Core\ASoftware.Enterprise.Dominio.Core.csproj", "{766C9051-0079-45DE-8477-549ECF80E20D}"
EndProject
Project("{9A19103F-16F7-4668-BE54-9A1E7A4F7556}") = "ASoftware.Enterprise.Aplicacion.DTO", "ASoftware.Enterprise.Aplicacion.DTO\ASoftware.Enterprise.Aplicacion.DTO.csproj", "{20E45C96-706F-4BFF-BE2C-AEA78F6663CF}"
EndProject
Project("{9A19103F-16F7-4668-BE54-9A1E7A4F7556}") = "ASoftware.Enterprise.Transversal.Mapper", "ASoftware.Enterprise.Transversal.Mapper\ASoftware.Enterprise.Transversal.Mapper.csproj", "{5EEEAB3F-1A4E-42BB-AF81-F4D7EE6D35C3}"
EndProject
Project("{9A19103F-16F7-4668-BE54-9A1E7A4F7556}") = "ASoftware.Enterprise.Aplicacion.Interfaz", "ASoftware.Enterprise.Aplicacion.Interfaz\ASoftware.Enterprise.Aplicacion.Interfaz.csproj", "{E14A3C1C-A4C6-472B-99E3-7661AF0C32B3}"
EndProject
Project("{9A19103F-16F7-4668-BE54-9A1E7A4F7556}") = "ASoftware.Enterprise.Aplicacion.Main", "ASoftware.Enterprise.Aplicacion.Main\ASoftware.Enterprise.Aplicacion.Main.csproj", "{480C4CB8-63D8-48D0-ADE1-E5E51E1465B6}"
EndProject
Project("{9A19103F-16F7-4668-BE54-9A1E7A4F7556}") = "ASoftware.Enterprise.Servicios.WebApi", "ASoftware.Enterprise.Servicios.WebApi\ASoftware.Enterprise.Servicios.WebApi.csproj", "{5C6A64DD-1D7A-41EE-B66B-4F64DDF7FE40}"
EndProject
Project("{9A19103F-16F7-4668-BE54-9A1E7A4F7556}") = "ASoftware.Enterprise.Transversal.Logging", "ASoftware.Enterprise.Transversal.Logging\ASoftware.Enterprise.Transversal.Logging.csproj", "{331C748F-C7ED-45BF-B51D-A2D4AF9E9837}"
EndProject
Project("{9A19103F-16F7-4668-BE54-9A1E7A4F7556}") = "ASoftware.Enterprise.Aplicacion.Validator", "ASoftware.Enterprise.Aplicacion.Validator\ASoftware.Enterprise.Aplicacion.Validator.csproj", "{05CD8664-AD77-4EAF-8F8B-F58D8D75F644}"
EndProject
Project("{2150E333-8FDC-42A3-9474-1A3956D46DE8}") = "Prueba", "Prueba", "{A556220D-F1DA-40DF-B19A-24D7DE493F64}"
EndProject
Project("{9A19103F-16F7-4668-BE54-9A1E7A4F7556}") = "ASoftware.Enterprise.Aplicacion.Test", "ASoftware.Enterprise.Aplicacion.Test\ASoftware.Enterprise.Aplicacion.Test.csproj", "{EEF5653D-80A3-4A11-A5DE-BC02C1FF28C0}"
EndProject
Project("{9A19103F-16F7-4668-BE54-9A1E7A4F7556}") = "ASoftware.Enterprise.Transversal.Common", "ASoftware.Enterprise.Transversal\ASoftware.Enterprise.Transversal.Common.csproj", "{5F4148C5-E573-4898-98A3-8B7F7AFADE86}"
EndProject
Global
	GlobalSection(SolutionConfigurationPlatforms) = preSolution
		Debug|Any CPU = Debug|Any CPU
		Release|Any CPU = Release|Any CPU
	EndGlobalSection
	GlobalSection(ProjectConfigurationPlatforms) = postSolution
		{8B8925A0-4A2D-42CC-B9E7-9AEC71338785}.Debug|Any CPU.ActiveCfg = Debug|Any CPU
		{8B8925A0-4A2D-42CC-B9E7-9AEC71338785}.Debug|Any CPU.Build.0 = Debug|Any CPU
		{8B8925A0-4A2D-42CC-B9E7-9AEC71338785}.Release|Any CPU.ActiveCfg = Release|Any CPU
		{8B8925A0-4A2D-42CC-B9E7-9AEC71338785}.Release|Any CPU.Build.0 = Release|Any CPU
		{ABA77041-5F11-4540-A1EE-864FC1783656}.Debug|Any CPU.ActiveCfg = Debug|Any CPU
		{ABA77041-5F11-4540-A1EE-864FC1783656}.Debug|Any CPU.Build.0 = Debug|Any CPU
		{ABA77041-5F11-4540-A1EE-864FC1783656}.Release|Any CPU.ActiveCfg = Release|Any CPU
		{ABA77041-5F11-4540-A1EE-864FC1783656}.Release|Any CPU.Build.0 = Release|Any CPU
		{378F1D88-184D-4C0B-83E7-82F6A28F26AD}.Debug|Any CPU.ActiveCfg = Debug|Any CPU
		{378F1D88-184D-4C0B-83E7-82F6A28F26AD}.Debug|Any CPU.Build.0 = Debug|Any CPU
		{378F1D88-184D-4C0B-83E7-82F6A28F26AD}.Release|Any CPU.ActiveCfg = Release|Any CPU
		{378F1D88-184D-4C0B-83E7-82F6A28F26AD}.Release|Any CPU.Build.0 = Release|Any CPU
		{3627D265-4B88-4CD7-9AF5-84410C5981D4}.Debug|Any CPU.ActiveCfg = Debug|Any CPU
		{3627D265-4B88-4CD7-9AF5-84410C5981D4}.Debug|Any CPU.Build.0 = Debug|Any CPU
		{3627D265-4B88-4CD7-9AF5-84410C5981D4}.Release|Any CPU.ActiveCfg = Release|Any CPU
		{3627D265-4B88-4CD7-9AF5-84410C5981D4}.Release|Any CPU.Build.0 = Release|Any CPU
		{83DDDD0C-3788-4D16-95E1-4FB419DBD98E}.Debug|Any CPU.ActiveCfg = Debug|Any CPU
		{83DDDD0C-3788-4D16-95E1-4FB419DBD98E}.Debug|Any CPU.Build.0 = Debug|Any CPU
		{83DDDD0C-3788-4D16-95E1-4FB419DBD98E}.Release|Any CPU.ActiveCfg = Release|Any CPU
		{83DDDD0C-3788-4D16-95E1-4FB419DBD98E}.Release|Any CPU.Build.0 = Release|Any CPU
		{766C9051-0079-45DE-8477-549ECF80E20D}.Debug|Any CPU.ActiveCfg = Debug|Any CPU
		{766C9051-0079-45DE-8477-549ECF80E20D}.Debug|Any CPU.Build.0 = Debug|Any CPU
		{766C9051-0079-45DE-8477-549ECF80E20D}.Release|Any CPU.ActiveCfg = Release|Any CPU
		{766C9051-0079-45DE-8477-549ECF80E20D}.Release|Any CPU.Build.0 = Release|Any CPU
		{20E45C96-706F-4BFF-BE2C-AEA78F6663CF}.Debug|Any CPU.ActiveCfg = Debug|Any CPU
		{20E45C96-706F-4BFF-BE2C-AEA78F6663CF}.Debug|Any CPU.Build.0 = Debug|Any CPU
		{20E45C96-706F-4BFF-BE2C-AEA78F6663CF}.Release|Any CPU.ActiveCfg = Release|Any CPU
		{20E45C96-706F-4BFF-BE2C-AEA78F6663CF}.Release|Any CPU.Build.0 = Release|Any CPU
		{5EEEAB3F-1A4E-42BB-AF81-F4D7EE6D35C3}.Debug|Any CPU.ActiveCfg = Debug|Any CPU
		{5EEEAB3F-1A4E-42BB-AF81-F4D7EE6D35C3}.Debug|Any CPU.Build.0 = Debug|Any CPU
		{5EEEAB3F-1A4E-42BB-AF81-F4D7EE6D35C3}.Release|Any CPU.ActiveCfg = Release|Any CPU
		{5EEEAB3F-1A4E-42BB-AF81-F4D7EE6D35C3}.Release|Any CPU.Build.0 = Release|Any CPU
		{E14A3C1C-A4C6-472B-99E3-7661AF0C32B3}.Debug|Any CPU.ActiveCfg = Debug|Any CPU
		{E14A3C1C-A4C6-472B-99E3-7661AF0C32B3}.Debug|Any CPU.Build.0 = Debug|Any CPU
		{E14A3C1C-A4C6-472B-99E3-7661AF0C32B3}.Release|Any CPU.ActiveCfg = Release|Any CPU
		{E14A3C1C-A4C6-472B-99E3-7661AF0C32B3}.Release|Any CPU.Build.0 = Release|Any CPU
		{480C4CB8-63D8-48D0-ADE1-E5E51E1465B6}.Debug|Any CPU.ActiveCfg = Debug|Any CPU
		{480C4CB8-63D8-48D0-ADE1-E5E51E1465B6}.Debug|Any CPU.Build.0 = Debug|Any CPU
		{480C4CB8-63D8-48D0-ADE1-E5E51E1465B6}.Release|Any CPU.ActiveCfg = Release|Any CPU
		{480C4CB8-63D8-48D0-ADE1-E5E51E1465B6}.Release|Any CPU.Build.0 = Release|Any CPU
		{5C6A64DD-1D7A-41EE-B66B-4F64DDF7FE40}.Debug|Any CPU.ActiveCfg = Debug|Any CPU
		{5C6A64DD-1D7A-41EE-B66B-4F64DDF7FE40}.Debug|Any CPU.Build.0 = Debug|Any CPU
		{5C6A64DD-1D7A-41EE-B66B-4F64DDF7FE40}.Release|Any CPU.ActiveCfg = Release|Any CPU
		{5C6A64DD-1D7A-41EE-B66B-4F64DDF7FE40}.Release|Any CPU.Build.0 = Release|Any CPU
		{331C748F-C7ED-45BF-B51D-A2D4AF9E9837}.Debug|Any CPU.ActiveCfg = Debug|Any CPU
		{331C748F-C7ED-45BF-B51D-A2D4AF9E9837}.Debug|Any CPU.Build.0 = Debug|Any CPU
		{331C748F-C7ED-45BF-B51D-A2D4AF9E9837}.Release|Any CPU.ActiveCfg = Release|Any CPU
		{331C748F-C7ED-45BF-B51D-A2D4AF9E9837}.Release|Any CPU.Build.0 = Release|Any CPU
		{05CD8664-AD77-4EAF-8F8B-F58D8D75F644}.Debug|Any CPU.ActiveCfg = Debug|Any CPU
		{05CD8664-AD77-4EAF-8F8B-F58D8D75F644}.Debug|Any CPU.Build.0 = Debug|Any CPU
		{05CD8664-AD77-4EAF-8F8B-F58D8D75F644}.Release|Any CPU.ActiveCfg = Release|Any CPU
		{05CD8664-AD77-4EAF-8F8B-F58D8D75F644}.Release|Any CPU.Build.0 = Release|Any CPU
		{EEF5653D-80A3-4A11-A5DE-BC02C1FF28C0}.Debug|Any CPU.ActiveCfg = Debug|Any CPU
		{EEF5653D-80A3-4A11-A5DE-BC02C1FF28C0}.Debug|Any CPU.Build.0 = Debug|Any CPU
		{EEF5653D-80A3-4A11-A5DE-BC02C1FF28C0}.Release|Any CPU.ActiveCfg = Release|Any CPU
		{EEF5653D-80A3-4A11-A5DE-BC02C1FF28C0}.Release|Any CPU.Build.0 = Release|Any CPU
		{5F4148C5-E573-4898-98A3-8B7F7AFADE86}.Debug|Any CPU.ActiveCfg = Debug|Any CPU
		{5F4148C5-E573-4898-98A3-8B7F7AFADE86}.Debug|Any CPU.Build.0 = Debug|Any CPU
		{5F4148C5-E573-4898-98A3-8B7F7AFADE86}.Release|Any CPU.ActiveCfg = Release|Any CPU
		{5F4148C5-E573-4898-98A3-8B7F7AFADE86}.Release|Any CPU.Build.0 = Release|Any CPU
	EndGlobalSection
	GlobalSection(SolutionProperties) = preSolution
		HideSolutionNode = FALSE
	EndGlobalSection
	GlobalSection(NestedProjects) = preSolution
		{8B8925A0-4A2D-42CC-B9E7-9AEC71338785} = {28ADE1D5-177E-4CFB-A334-96E943E782B5}
		{ABA77041-5F11-4540-A1EE-864FC1783656} = {28ADE1D5-177E-4CFB-A334-96E943E782B5}
		{378F1D88-184D-4C0B-83E7-82F6A28F26AD} = {5E29FFB2-38CB-4FA7-854C-DF333EA86D53}
		{3627D265-4B88-4CD7-9AF5-84410C5981D4} = {28ADE1D5-177E-4CFB-A334-96E943E782B5}
		{83DDDD0C-3788-4D16-95E1-4FB419DBD98E} = {5E29FFB2-38CB-4FA7-854C-DF333EA86D53}
		{766C9051-0079-45DE-8477-549ECF80E20D} = {5E29FFB2-38CB-4FA7-854C-DF333EA86D53}
		{20E45C96-706F-4BFF-BE2C-AEA78F6663CF} = {5D074742-2C94-4FF9-B795-2171588C1143}
		{5EEEAB3F-1A4E-42BB-AF81-F4D7EE6D35C3} = {19535F74-6310-4F32-8847-681C81529F80}
		{E14A3C1C-A4C6-472B-99E3-7661AF0C32B3} = {5D074742-2C94-4FF9-B795-2171588C1143}
		{480C4CB8-63D8-48D0-ADE1-E5E51E1465B6} = {5D074742-2C94-4FF9-B795-2171588C1143}
		{5C6A64DD-1D7A-41EE-B66B-4F64DDF7FE40} = {18F179CE-BB8C-4E99-BAAF-E80CE8A28463}
		{331C748F-C7ED-45BF-B51D-A2D4AF9E9837} = {19535F74-6310-4F32-8847-681C81529F80}
		{05CD8664-AD77-4EAF-8F8B-F58D8D75F644} = {5D074742-2C94-4FF9-B795-2171588C1143}
		{EEF5653D-80A3-4A11-A5DE-BC02C1FF28C0} = {A556220D-F1DA-40DF-B19A-24D7DE493F64}
		{5F4148C5-E573-4898-98A3-8B7F7AFADE86} = {19535F74-6310-4F32-8847-681C81529F80}
	EndGlobalSection
	GlobalSection(ExtensibilityGlobals) = postSolution
		SolutionGuid = {B6F9901A-35DF-47CD-980C-210DB5E879BB}
	EndGlobalSection
EndGlobal
